// !$*UTF8*$!
{
	archiveVersion = 1;
	classes = {
	};
	objectVersion = 46;
	objects = {

/* Begin PBXBuildFile section */
		7CCC0E861C21128000833242 /* main.m in Sources */ = {isa = PBXBuildFile; fileRef = 7CCC0E851C21128000833242 /* main.m */; };
		7CCC0E891C21128000833242 /* AppDelegate.m in Sources */ = {isa = PBXBuildFile; fileRef = 7CCC0E881C21128000833242 /* AppDelegate.m */; };
		7CCC0E8C1C21128000833242 /* web8_NSOperationQueue.xcdatamodeld in Sources */ = {isa = PBXBuildFile; fileRef = 7CCC0E8A1C21128000833242 /* web8_NSOperationQueue.xcdatamodeld */; };
		7CCC0E8F1C21128000833242 /* ViewController.m in Sources */ = {isa = PBXBuildFile; fileRef = 7CCC0E8E1C21128000833242 /* ViewController.m */; };
		7CCC0E921C21128000833242 /* Main.storyboard in Resources */ = {isa = PBXBuildFile; fileRef = 7CCC0E901C21128000833242 /* Main.storyboard */; };
		7CCC0E941C21128000833242 /* Images.xcassets in Resources */ = {isa = PBXBuildFile; fileRef = 7CCC0E931C21128000833242 /* Images.xcassets */; };
		7CCC0E971C21128000833242 /* LaunchScreen.xib in Resources */ = {isa = PBXBuildFile; fileRef = 7CCC0E951C21128000833242 /* LaunchScreen.xib */; };
		7CCC0EA31C21128000833242 /* web8_NSOperationQueueTests.m in Sources */ = {isa = PBXBuildFile; fileRef = 7CCC0EA21C21128000833242 /* web8_NSOperationQueueTests.m */; };
/* End PBXBuildFile section */

/* Begin PBXContainerItemProxy section */
		7CCC0E9D1C21128000833242 /* PBXContainerItemProxy */ = {
			isa = PBXContainerItemProxy;
			containerPortal = 7CCC0E781C21128000833242 /* Project object */;
			proxyType = 1;
			remoteGlobalIDString = 7CCC0E7F1C21128000833242;
			remoteInfo = web8_NSOperationQueue;
		};
/* End PBXContainerItemProxy section */

/* Begin PBXFileReference section */
		7CCC0E801C21128000833242 /* web8_NSOperationQueue.app */ = {isa = PBXFileReference; explicitFileType = wrapper.application; includeInIndex = 0; path = web8_NSOperationQueue.app; sourceTree = BUILT_PRODUCTS_DIR; };
		7CCC0E841C21128000833242 /* Info.plist */ = {isa = PBXFileReference; lastKnownFileType = text.plist.xml; path = Info.plist; sourceTree = "<group>"; };
		7CCC0E851C21128000833242 /* main.m */ = {isa = PBXFileReference; lastKnownFileType = sourcecode.c.objc; path = main.m; sourceTree = "<group>"; };
		7CCC0E871C21128000833242 /* AppDelegate.h */ = {isa = PBXFileReference; lastKnownFileType = sourcecode.c.h; path = AppDelegate.h; sourceTree = "<group>"; };
		7CCC0E881C21128000833242 /* AppDelegate.m */ = {isa = PBXFileReference; lastKnownFileType = sourcecode.c.objc; path = AppDelegate.m; sourceTree = "<group>"; };
		7CCC0E8B1C21128000833242 /* web8_NSOperationQueue.xcdatamodel */ = {isa = PBXFileReference; lastKnownFileType = wrapper.xcdatamodel; path = web8_NSOperationQueue.xcdatamodel; sourceTree = "<group>"; };
		7CCC0E8D1C21128000833242 /* ViewController.h */ = {isa = PBXFileReference; lastKnownFileType = sourcecode.c.h; path = ViewController.h; sourceTree = "<group>"; };
		7CCC0E8E1C21128000833242 /* ViewController.m */ = {isa = PBXFileReference; lastKnownFileType = sourcecode.c.objc; path = ViewController.m; sourceTree = "<group>"; };
		7CCC0E911C21128000833242 /* Base */ = {isa = PBXFileReference; lastKnownFileType = file.storyboard; name = Base; path = Base.lproj/Main.storyboard; sourceTree = "<group>"; };
		7CCC0E931C21128000833242 /* Images.xcassets */ = {isa = PBXFileReference; lastKnownFileType = folder.assetcatalog; path = Images.xcassets; sourceTree = "<group>"; };
		7CCC0E961C21128000833242 /* Base */ = {isa = PBXFileReference; lastKnownFileType = file.xib; name = Base; path = Base.lproj/LaunchScreen.xib; sourceTree = "<group>"; };
		7CCC0E9C1C21128000833242 /* web8_NSOperationQueueTests.xctest */ = {isa = PBXFileReference; explicitFileType = wrapper.cfbundle; includeInIndex = 0; path = web8_NSOperationQueueTests.xctest; sourceTree = BUILT_PRODUCTS_DIR; };
		7CCC0EA11C21128000833242 /* Info.plist */ = {isa = PBXFileReference; lastKnownFileType = text.plist.xml; path = Info.plist; sourceTree = "<group>"; };
		7CCC0EA21C21128000833242 /* web8_NSOperationQueueTests.m */ = {isa = PBXFileReference; lastKnownFileType = sourcecode.c.objc; path = web8_NSOperationQueueTests.m; sourceTree = "<group>"; };
/* End PBXFileReference section */

/* Begin PBXFrameworksBuildPhase section */
		7CCC0E7D1C21128000833242 /* Frameworks */ = {
			isa = PBXFrameworksBuildPhase;
			buildActionMask = 2147483647;
			files = (
			);
			runOnlyForDeploymentPostprocessing = 0;
		};
		7CCC0E991C21128000833242 /* Frameworks */ = {
			isa = PBXFrameworksBuildPhase;
			buildActionMask = 2147483647;
			files = (
			);
			runOnlyForDeploymentPostprocessing = 0;
		};
/* End PBXFrameworksBuildPhase section */

/* Begin PBXGroup section */
		7CCC0E771C21128000833242 = {
			isa = PBXGroup;
			children = (
				7CCC0E821C21128000833242 /* web8_NSOperationQueue */,
				7CCC0E9F1C21128000833242 /* web8_NSOperationQueueTests */,
				7CCC0E811C21128000833242 /* Products */,
			);
			sourceTree = "<group>";
		};
		7CCC0E811C21128000833242 /* Products */ = {
			isa = PBXGroup;
			children = (
				7CCC0E801C21128000833242 /* web8_NSOperationQueue.app */,
				7CCC0E9C1C21128000833242 /* web8_NSOperationQueueTests.xctest */,
			);
			name = Products;
			sourceTree = "<group>";
		};
		7CCC0E821C21128000833242 /* web8_NSOperationQueue */ = {
			isa = PBXGroup;
			children = (
				7CCC0E871C21128000833242 /* AppDelegate.h */,
				7CCC0E881C21128000833242 /* AppDelegate.m */,
				7CCC0E8D1C21128000833242 /* ViewController.h */,
				7CCC0E8E1C21128000833242 /* ViewController.m */,
				7CCC0E901C21128000833242 /* Main.storyboard */,
				7CCC0E931C21128000833242 /* Images.xcassets */,
				7CCC0E951C21128000833242 /* LaunchScreen.xib */,
				7CCC0E8A1C21128000833242 /* web8_NSOperationQueue.xcdatamodeld */,
				7CCC0E831C21128000833242 /* Supporting Files */,
			);
			path = web8_NSOperationQueue;
			sourceTree = "<group>";
		};
		7CCC0E831C21128000833242 /* Supporting Files */ = {
			isa = PBXGroup;
			children = (
				7CCC0E841C21128000833242 /* Info.plist */,
				7CCC0E851C21128000833242 /* main.m */,
			);
			name = "Supporting Files";
			sourceTree = "<group>";
		};
		7CCC0E9F1C21128000833242 /* web8_NSOperationQueueTests */ = {
			isa = PBXGroup;
			children = (
				7CCC0EA21C21128000833242 /* web8_NSOperationQueueTests.m */,
				7CCC0EA01C21128000833242 /* Supporting Files */,
			);
			path = web8_NSOperationQueueTests;
			sourceTree = "<group>";
		};
		7CCC0EA01C21128000833242 /* Supporting Files */ = {
			isa = PBXGroup;
			children = (
				7CCC0EA11C21128000833242 /* Info.plist */,
			);
			name = "Supporting Files";
			sourceTree = "<group>";
		};
/* End PBXGroup section */

/* Begin PBXNativeTarget section */
		7CCC0E7F1C21128000833242 /* web8_NSOperationQueue */ = {
			isa = PBXNativeTarget;
			buildConfigurationList = 7CCC0EA61C21128000833242 /* Build configuration list for PBXNativeTarget "web8_NSOperationQueue" */;
			buildPhases = (
				7CCC0E7C1C21128000833242 /* Sources */,
				7CCC0E7D1C21128000833242 /* Frameworks */,
				7CCC0E7E1C21128000833242 /* Resources */,
			);
			buildRules = (
			);
			dependencies = (
			);
			name = web8_NSOperationQueue;
			productName = web8_NSOperationQueue;
			productReference = 7CCC0E801C21128000833242 /* web8_NSOperationQueue.app */;
			productType = "com.apple.product-type.application";
		};
		7CCC0E9B1C21128000833242 /* web8_NSOperationQueueTests */ = {
			isa = PBXNativeTarget;
			buildConfigurationList = 7CCC0EA91C21128000833242 /* Build configuration list for PBXNativeTarget "web8_NSOperationQueueTests" */;
			buildPhases = (
				7CCC0E981C21128000833242 /* Sources */,
				7CCC0E991C21128000833242 /* Frameworks */,
				7CCC0E9A1C21128000833242 /* Resources */,
			);
			buildRules = (
			);
			dependencies = (
				7CCC0E9E1C21128000833242 /* PBXTargetDependency */,
			);
			name = web8_NSOperationQueueTests;
			productName = web8_NSOperationQueueTests;
			productReference = 7CCC0E9C1C21128000833242 /* web8_NSOperationQueueTests.xctest */;
			productType = "com.apple.product-type.bundle.unit-test";
		};
/* End PBXNativeTarget section */

/* Begin PBXProject section */
		7CCC0E781C21128000833242 /* Project object */ = {
			isa = PBXProject;
			attributes = {
				LastUpgradeCheck = 0610;
				ORGANIZATIONNAME = zhulei;
				TargetAttributes = {
					7CCC0E7F1C21128000833242 = {
						CreatedOnToolsVersion = 6.1;
					};
					7CCC0E9B1C21128000833242 = {
						CreatedOnToolsVersion = 6.1;
						TestTargetID = 7CCC0E7F1C21128000833242;
					};
				};
			};
			buildConfigurationList = 7CCC0E7B1C21128000833242 /* Build configuration list for PBXProject "web8_NSOperationQueue" */;
			compatibilityVersion = "Xcode 3.2";
			developmentRegion = English;
			hasScannedForEncodings = 0;
			knownRegions = (
				en,
				Base,
			);
			mainGroup = 7CCC0E771C21128000833242;
			productRefGroup = 7CCC0E811C21128000833242 /* Products */;
			projectDirPath = "";
			projectRoot = "";
			targets = (
				7CCC0E7F1C21128000833242 /* web8_NSOperationQueue */,
				7CCC0E9B1C21128000833242 /* web8_NSOperationQueueTests */,
			);
		};
/* End PBXProject section */

/* Begin PBXResourcesBuildPhase section */
		7CCC0E7E1C21128000833242 /* Resources */ = {
			isa = PBXResourcesBuildPhase;
			buildActionMask = 2147483647;
			files = (
				7CCC0E921C21128000833242 /* Main.storyboard in Resources */,
				7CCC0E971C21128000833242 /* LaunchScreen.xib in Resources */,
				7CCC0E941C21128000833242 /* Images.xcassets in Resources */,
			);
			runOnlyForDeploymentPostprocessing = 0;
		};
		7CCC0E9A1C21128000833242 /* Resources */ = {
			isa = PBXResourcesBuildPhase;
			buildActionMask = 2147483647;
			files = (
			);
			runOnlyForDeploymentPostprocessing = 0;
		};
/* End PBXResourcesBuildPhase section */

/* Begin PBXSourcesBuildPhase section */
		7CCC0E7C1C21128000833242 /* Sources */ = {
			isa = PBXSourcesBuildPhase;
			buildActionMask = 2147483647;
			files = (
				7CCC0E891C21128000833242 /* AppDelegate.m in Sources */,
				7CCC0E861C21128000833242 /* main.m in Sources */,
				7CCC0E8F1C21128000833242 /* ViewController.m in Sources */,
				7CCC0E8C1C21128000833242 /* web8_NSOperationQueue.xcdatamodeld in Sources */,
			);
			runOnlyForDeploymentPostprocessing = 0;
		};
		7CCC0E981C21128000833242 /* Sources */ = {
			isa = PBXSourcesBuildPhase;
			buildActionMask = 2147483647;
			files = (
				7CCC0EA31C21128000833242 /* web8_NSOperationQueueTests.m in Sources */,
			);
			runOnlyForDeploymentPostprocessing = 0;
		};
/* End PBXSourcesBuildPhase section */

/* Begin PBXTargetDependency section */
		7CCC0E9E1C21128000833242 /* PBXTargetDependency */ = {
			isa = PBXTargetDependency;
			target = 7CCC0E7F1C21128000833242 /* web8_NSOperationQueue */;
			targetProxy = 7CCC0E9D1C21128000833242 /* PBXContainerItemProxy */;
		};
/* End PBXTargetDependency section */

/* Begin PBXVariantGroup section */
		7CCC0E901C21128000833242 /* Main.storyboard */ = {
			isa = PBXVariantGroup;
			children = (
				7CCC0E911C21128000833242 /* Base */,
			);
			name = Main.storyboard;
			sourceTree = "<group>";
		};
		7CCC0E951C21128000833242 /* LaunchScreen.xib */ = {
			isa = PBXVariantGroup;
			children = (
				7CCC0E961C21128000833242 /* Base */,
			);
			name = LaunchScreen.xib;
			sourceTree = "<group>";
		};
/* End PBXVariantGroup section */

/* Begin XCBuildConfiguration section */
		7CCC0EA41C21128000833242 /* Debug */ = {
			isa = XCBuildConfiguration;
			buildSettings = {
				ALWAYS_SEARCH_USER_PATHS = NO;
				CLANG_CXX_LANGUAGE_STANDARD = "gnu++0x";
				CLANG_CXX_LIBRARY = "libc++";
				CLANG_ENABLE_MODULES = YES;
				CLANG_ENABLE_OBJC_ARC = YES;
				CLANG_WARN_BOOL_CONVERSION = YES;
				CLANG_WARN_CONSTANT_CONVERSION = YES;
				CLANG_WARN_DIRECT_OBJC_ISA_USAGE = YES_ERROR;
				CLANG_WARN_EMPTY_BODY = YES;
				CLANG_WARN_ENUM_CONVERSION = YES;
				CLANG_WARN_INT_CONVERSION = YES;
				CLANG_WARN_OBJC_ROOT_CLASS = YES_ERROR;
				CLANG_WARN_UNREACHABLE_CODE = YES;
				CLANG_WARN__DUPLICATE_METHOD_MATCH = YES;
				"CODE_SIGN_IDENTITY[sdk=iphoneos*]" = "iPhone Developer";
				COPY_PHASE_STRIP = NO;
				ENABLE_STRICT_OBJC_MSGSEND = YES;
				GCC_C_LANGUAGE_STANDARD = gnu99;
				GCC_DYNAMIC_NO_PIC = NO;
				GCC_OPTIMIZATION_LEVEL = 0;
				GCC_PREPROCESSOR_DEFINITIONS = (
					"DEBUG=1",
					"$(inherited)",
				);
				GCC_SYMBOLS_PRIVATE_EXTERN = NO;
				GCC_WARN_64_TO_32_BIT_CONVERSION = YES;
				GCC_WARN_ABOUT_RETURN_TYPE = YES_ERROR;
				GCC_WARN_UNDECLARED_SELECTOR = YES;
				GCC_WARN_UNINITIALIZED_AUTOS = YES_AGGRESSIVE;
				GCC_WARN_UNUSED_FUNCTION = YES;
				GCC_WARN_UNUSED_VARIABLE = YES;
				IPHONEOS_DEPLOYMENT_TARGET = 8.1;
				MTL_ENABLE_DEBUG_INFO = YES;
				ONLY_ACTIVE_ARCH = YES;
				SDKROOT = iphoneos;
				TARGETED_DEVICE_FAMILY = "1,2";
			};
			name = Debug;
		};
		7CCC0EA51C21128000833242 /* Release */ = {
			isa = XCBuildConfiguration;
			buildSettings = {
				ALWAYS_SEARCH_USER_PATHS = NO;
				CLANG_CXX_LANGUAGE_STANDARD = "gnu++0x";
				CLANG_CXX_LIBRARY = "libc++";
				CLANG_ENABLE_MODULES = YES;
				CLANG_ENABLE_OBJC_ARC = YES;
				CLANG_WARN_BOOL_CONVERSION = YES;
				CLANG_WARN_CONSTANT_CONVERSION = YES;
				CLANG_WARN_DIRECT_OBJC_ISA_USAGE = YES_ERROR;
				CLANG_WARN_EMPTY_BODY = YES;
				CLANG_WARN_ENUM_CONVERSION = YES;
				CLANG_WARN_INT_CONVERSION = YES;
				CLANG_WARN_OBJC_ROOT_CLASS = YES_ERROR;
				CLANG_WARN_UNREACHABLE_CODE = YES;
				CLANG_WARN__DUPLICATE_METHOD_MATCH = YES;
				"CODE_SIGN_IDENTITY[sdk=iphoneos*]" = "iPhone Developer";
				COPY_PHASE_STRIP = YES;
				ENABLE_NS_ASSERTIONS = NO;
				ENABLE_STRICT_OBJC_MSGSEND = YES;
				GCC_C_LANGUAGE_STANDARD = gnu99;
				GCC_WARN_64_TO_32_BIT_CONVERSION = YES;
				GCC_WARN_ABOUT_RETURN_TYPE = YES_ERROR;
				GCC_WARN_UNDECLARED_SELECTOR = YES;
				GCC_WARN_UNINITIALIZED_AUTOS = YES_AGGRESSIVE;
				GCC_WARN_UNUSED_FUNCTION = YES;
				GCC_WARN_UNUSED_VARIABLE = YES;
				IPHONEOS_DEPLOYMENT_TARGET = 8.1;
				MTL_ENABLE_DEBUG_INFO = NO;
				SDKROOT = iphoneos;
				TARGETED_DEVICE_FAMILY = "1,2";
				VALIDATE_PRODUCT = YES;
			};
			name = Release;
		};
		7CCC0EA71C21128000833242 /* Debug */ = {
			isa = XCBuildConfiguration;
			buildSettings = {
				ASSETCATALOG_COMPILER_APPICON_NAME = AppIcon;
				INFOPLIST_FILE = web8_NSOperationQueue/Info.plist;
				LD_RUNPATH_SEARCH_PATHS = "$(inherited) @executable_path/Frameworks";
				PRODUCT_NAME = "$(TARGET_NAME)";
			};
			name = Debug;
		};
		7CCC0EA81C21128000833242 /* Release */ = {
			isa = XCBuildConfiguration;
			buildSettings = {
				ASSETCATALOG_COMPILER_APPICON_NAME = AppIcon;
				INFOPLIST_FILE = web8_NSOperationQueue/Info.plist;
				LD_RUNPATH_SEARCH_PATHS = "$(inherited) @executable_path/Frameworks";
				PRODUCT_NAME = "$(TARGET_NAME)";
			};
			name = Release;
		};
		7CCC0EAA1C21128000833242 /* Debug */ = {
			isa = XCBuildConfiguration;
			buildSettings = {
				BUNDLE_LOADER = "$(TEST_HOST)";
				FRAMEWORK_SEARCH_PATHS = (
					"$(SDKROOT)/Developer/Library/Frameworks",
					"$(inherited)",
				);
				GCC_PREPROCESSOR_DEFINITIONS = (
					"DEBUG=1",
					"$(inherited)",
				);
				INFOPLIST_FILE = web8_NSOperationQueueTests/Info.plist;
				LD_RUNPATH_SEARCH_PATHS = "$(inherited) @executable_path/Frameworks @loader_path/Frameworks";
				PRODUCT_NAME = "$(TARGET_NAME)";
				TEST_HOST = "$(BUILT_PRODUCTS_DIR)/web8_NSOperationQueue.app/web8_NSOperationQueue";
			};
			name = Debug;
		};
		7CCC0EAB1C21128000833242 /* Release */ = {
			isa = XCBuildConfiguration;
			buildSettings = {
				BUNDLE_LOADER = "$(TEST_HOST)";
				FRAMEWORK_SEARCH_PATHS = (
					"$(SDKROOT)/Developer/Library/Frameworks",
					"$(inherited)",
				);
				INFOPLIST_FILE = web8_NSOperationQueueTests/Info.plist;
				LD_RUNPATH_SEARCH_PATHS = "$(inherited) @executable_path/Frameworks @loader_path/Frameworks";
				PRODUCT_NAME = "$(TARGET_NAME)";
				TEST_HOST = "$(BUILT_PRODUCTS_DIR)/web8_NSOperationQueue.app/web8_NSOperationQueue";
			};
			name = Release;
		};
/* End XCBuildConfiguration section */

/* Begin XCConfigurationList section */
		7CCC0E7B1C21128000833242 /* Build configuration list for PBXProject "web8_NSOperationQueue" */ = {
			isa = XCConfigurationList;
			buildConfigurations = (
				7CCC0EA41C21128000833242 /* Debug */,
				7CCC0EA51C21128000833242 /* Release */,
			);
			defaultConfigurationIsVisible = 0;
			defaultConfigurationName = Release;
		};
		7CCC0EA61C21128000833242 /* Build configuration list for PBXNativeTarget "web8_NSOperationQueue" */ = {
			isa = XCConfigurationList;
			buildConfigurations = (
				7CCC0EA71C21128000833242 /* Debug */,
				7CCC0EA81C21128000833242 /* Release */,
			);
			defaultConfigurationIsVisible = 0;
		};
		7CCC0EA91C21128000833242 /* Build configuration list for PBXNativeTarget "web8_NSOperationQueueTests" */ = {
			isa = XCConfigurationList;
			buildConfigurations = (
				7CCC0EAA1C21128000833242 /* Debug */,
				7CCC0EAB1C21128000833242 /* Release */,
			);
			defaultConfigurationIsVisible = 0;
		};
/* End XCConfigurationList section */

/* Begin XCVersionGroup section */
		7CCC0E8A1C21128000833242 /* web8_NSOperationQueue.xcdatamodeld */ = {
			isa = XCVersionGroup;
			children = (
				7CCC0E8B1C21128000833242 /* web8_NSOperationQueue.xcdatamodel */,
			);
			currentVersion = 7CCC0E8B1C21128000833242 /* web8_NSOperationQueue.xcdatamodel */;
			path = web8_NSOperationQueue.xcdatamodeld;
			sourceTree = "<group>";
			versionGroupType = wrapper.xcdatamodel;
		};
/* End XCVersionGroup section */
	};
	rootObject = 7CCC0E781C21128000833242 /* Project object */;
}
