// !$*UTF8*$!
{
	archiveVersion = 1;
	classes = {
	};
	objectVersion = 46;
	objects = {

/* Begin PBXBuildFile section */
		7CCC0F261C22460E00833242 /* main.m in Sources */ = {isa = PBXBuildFile; fileRef = 7CCC0F251C22460E00833242 /* main.m */; };
		7CCC0F291C22460E00833242 /* AppDelegate.m in Sources */ = {isa = PBXBuildFile; fileRef = 7CCC0F281C22460E00833242 /* AppDelegate.m */; };
		7CCC0F2C1C22460E00833242 /* web9ZLMap.xcdatamodeld in Sources */ = {isa = PBXBuildFile; fileRef = 7CCC0F2A1C22460E00833242 /* web9ZLMap.xcdatamodeld */; };
		7CCC0F2F1C22460E00833242 /* ViewController.m in Sources */ = {isa = PBXBuildFile; fileRef = 7CCC0F2E1C22460E00833242 /* ViewController.m */; };
		7CCC0F321C22460F00833242 /* Main.storyboard in Resources */ = {isa = PBXBuildFile; fileRef = 7CCC0F301C22460F00833242 /* Main.storyboard */; };
		7CCC0F341C22460F00833242 /* Images.xcassets in Resources */ = {isa = PBXBuildFile; fileRef = 7CCC0F331C22460F00833242 /* Images.xcassets */; };
		7CCC0F371C22460F00833242 /* LaunchScreen.xib in Resources */ = {isa = PBXBuildFile; fileRef = 7CCC0F351C22460F00833242 /* LaunchScreen.xib */; };
		7CCC0F431C22460F00833242 /* web9ZLMapTests.m in Sources */ = {isa = PBXBuildFile; fileRef = 7CCC0F421C22460F00833242 /* web9ZLMapTests.m */; };
		7CCC0F4F1C22470100833242 /* AMap.bundle in Resources */ = {isa = PBXBuildFile; fileRef = 7CCC0F4C1C22470100833242 /* AMap.bundle */; };
		7CCC0F501C22470100833242 /* AMapSearchKit.framework in Frameworks */ = {isa = PBXBuildFile; fileRef = 7CCC0F4D1C22470100833242 /* AMapSearchKit.framework */; };
		7CCC0F511C22470100833242 /* MAMapKit.framework in Frameworks */ = {isa = PBXBuildFile; fileRef = 7CCC0F4E1C22470100833242 /* MAMapKit.framework */; };
		7CCC0F531C22475F00833242 /* SystemConfiguration.framework in Frameworks */ = {isa = PBXBuildFile; fileRef = 7CCC0F521C22475E00833242 /* SystemConfiguration.framework */; };
		7CCC0F551C22476400833242 /* Security.framework in Frameworks */ = {isa = PBXBuildFile; fileRef = 7CCC0F541C22476400833242 /* Security.framework */; };
		7CCC0F571C22476D00833242 /* CoreLocation.framework in Frameworks */ = {isa = PBXBuildFile; fileRef = 7CCC0F561C22476D00833242 /* CoreLocation.framework */; };
		7CCC0F591C22477A00833242 /* CoreTelephony.framework in Frameworks */ = {isa = PBXBuildFile; fileRef = 7CCC0F581C22477A00833242 /* CoreTelephony.framework */; };
		7CCC0F5B1C22478500833242 /* libstdc++.6.0.9.dylib in Frameworks */ = {isa = PBXBuildFile; fileRef = 7CCC0F5A1C22478500833242 /* libstdc++.6.0.9.dylib */; };
		7CCC0F5D1C22478C00833242 /* libz.dylib in Frameworks */ = {isa = PBXBuildFile; fileRef = 7CCC0F5C1C22478C00833242 /* libz.dylib */; };
		7CCC0F5F1C22479100833242 /* QuartzCore.framework in Frameworks */ = {isa = PBXBuildFile; fileRef = 7CCC0F5E1C22479100833242 /* QuartzCore.framework */; };
/* End PBXBuildFile section */

/* Begin PBXContainerItemProxy section */
		7CCC0F3D1C22460F00833242 /* PBXContainerItemProxy */ = {
			isa = PBXContainerItemProxy;
			containerPortal = 7CCC0F181C22460E00833242 /* Project object */;
			proxyType = 1;
			remoteGlobalIDString = 7CCC0F1F1C22460E00833242;
			remoteInfo = web9ZLMap;
		};
/* End PBXContainerItemProxy section */

/* Begin PBXFileReference section */
		7CCC0F201C22460E00833242 /* web9ZLMap.app */ = {isa = PBXFileReference; explicitFileType = wrapper.application; includeInIndex = 0; path = web9ZLMap.app; sourceTree = BUILT_PRODUCTS_DIR; };
		7CCC0F241C22460E00833242 /* Info.plist */ = {isa = PBXFileReference; lastKnownFileType = text.plist.xml; path = Info.plist; sourceTree = "<group>"; };
		7CCC0F251C22460E00833242 /* main.m */ = {isa = PBXFileReference; lastKnownFileType = sourcecode.c.objc; path = main.m; sourceTree = "<group>"; };
		7CCC0F271C22460E00833242 /* AppDelegate.h */ = {isa = PBXFileReference; lastKnownFileType = sourcecode.c.h; path = AppDelegate.h; sourceTree = "<group>"; };
		7CCC0F281C22460E00833242 /* AppDelegate.m */ = {isa = PBXFileReference; lastKnownFileType = sourcecode.c.objc; path = AppDelegate.m; sourceTree = "<group>"; };
		7CCC0F2B1C22460E00833242 /* web9ZLMap.xcdatamodel */ = {isa = PBXFileReference; lastKnownFileType = wrapper.xcdatamodel; path = web9ZLMap.xcdatamodel; sourceTree = "<group>"; };
		7CCC0F2D1C22460E00833242 /* ViewController.h */ = {isa = PBXFileReference; lastKnownFileType = sourcecode.c.h; path = ViewController.h; sourceTree = "<group>"; };
		7CCC0F2E1C22460E00833242 /* ViewController.m */ = {isa = PBXFileReference; lastKnownFileType = sourcecode.c.objc; path = ViewController.m; sourceTree = "<group>"; };
		7CCC0F311C22460F00833242 /* Base */ = {isa = PBXFileReference; lastKnownFileType = file.storyboard; name = Base; path = Base.lproj/Main.storyboard; sourceTree = "<group>"; };
		7CCC0F331C22460F00833242 /* Images.xcassets */ = {isa = PBXFileReference; lastKnownFileType = folder.assetcatalog; path = Images.xcassets; sourceTree = "<group>"; };
		7CCC0F361C22460F00833242 /* Base */ = {isa = PBXFileReference; lastKnownFileType = file.xib; name = Base; path = Base.lproj/LaunchScreen.xib; sourceTree = "<group>"; };
		7CCC0F3C1C22460F00833242 /* web9ZLMapTests.xctest */ = {isa = PBXFileReference; explicitFileType = wrapper.cfbundle; includeInIndex = 0; path = web9ZLMapTests.xctest; sourceTree = BUILT_PRODUCTS_DIR; };
		7CCC0F411C22460F00833242 /* Info.plist */ = {isa = PBXFileReference; lastKnownFileType = text.plist.xml; path = Info.plist; sourceTree = "<group>"; };
		7CCC0F421C22460F00833242 /* web9ZLMapTests.m */ = {isa = PBXFileReference; lastKnownFileType = sourcecode.c.objc; path = web9ZLMapTests.m; sourceTree = "<group>"; };
		7CCC0F4C1C22470100833242 /* AMap.bundle */ = {isa = PBXFileReference; lastKnownFileType = "wrapper.plug-in"; path = AMap.bundle; sourceTree = "<group>"; };
		7CCC0F4D1C22470100833242 /* AMapSearchKit.framework */ = {isa = PBXFileReference; lastKnownFileType = wrapper.framework; path = AMapSearchKit.framework; sourceTree = "<group>"; };
		7CCC0F4E1C22470100833242 /* MAMapKit.framework */ = {isa = PBXFileReference; lastKnownFileType = wrapper.framework; path = MAMapKit.framework; sourceTree = "<group>"; };
		7CCC0F521C22475E00833242 /* SystemConfiguration.framework */ = {isa = PBXFileReference; lastKnownFileType = wrapper.framework; name = SystemConfiguration.framework; path = System/Library/Frameworks/SystemConfiguration.framework; sourceTree = SDKROOT; };
		7CCC0F541C22476400833242 /* Security.framework */ = {isa = PBXFileReference; lastKnownFileType = wrapper.framework; name = Security.framework; path = System/Library/Frameworks/Security.framework; sourceTree = SDKROOT; };
		7CCC0F561C22476D00833242 /* CoreLocation.framework */ = {isa = PBXFileReference; lastKnownFileType = wrapper.framework; name = CoreLocation.framework; path = System/Library/Frameworks/CoreLocation.framework; sourceTree = SDKROOT; };
		7CCC0F581C22477A00833242 /* CoreTelephony.framework */ = {isa = PBXFileReference; lastKnownFileType = wrapper.framework; name = CoreTelephony.framework; path = System/Library/Frameworks/CoreTelephony.framework; sourceTree = SDKROOT; };
		7CCC0F5A1C22478500833242 /* libstdc++.6.0.9.dylib */ = {isa = PBXFileReference; lastKnownFileType = "compiled.mach-o.dylib"; name = "libstdc++.6.0.9.dylib"; path = "usr/lib/libstdc++.6.0.9.dylib"; sourceTree = SDKROOT; };
		7CCC0F5C1C22478C00833242 /* libz.dylib */ = {isa = PBXFileReference; lastKnownFileType = "compiled.mach-o.dylib"; name = libz.dylib; path = usr/lib/libz.dylib; sourceTree = SDKROOT; };
		7CCC0F5E1C22479100833242 /* QuartzCore.framework */ = {isa = PBXFileReference; lastKnownFileType = wrapper.framework; name = QuartzCore.framework; path = System/Library/Frameworks/QuartzCore.framework; sourceTree = SDKROOT; };
/* End PBXFileReference section */

/* Begin PBXFrameworksBuildPhase section */
		7CCC0F1D1C22460E00833242 /* Frameworks */ = {
			isa = PBXFrameworksBuildPhase;
			buildActionMask = 2147483647;
			files = (
				7CCC0F5F1C22479100833242 /* QuartzCore.framework in Frameworks */,
				7CCC0F5D1C22478C00833242 /* libz.dylib in Frameworks */,
				7CCC0F5B1C22478500833242 /* libstdc++.6.0.9.dylib in Frameworks */,
				7CCC0F591C22477A00833242 /* CoreTelephony.framework in Frameworks */,
				7CCC0F571C22476D00833242 /* CoreLocation.framework in Frameworks */,
				7CCC0F551C22476400833242 /* Security.framework in Frameworks */,
				7CCC0F531C22475F00833242 /* SystemConfiguration.framework in Frameworks */,
				7CCC0F511C22470100833242 /* MAMapKit.framework in Frameworks */,
				7CCC0F501C22470100833242 /* AMapSearchKit.framework in Frameworks */,
			);
			runOnlyForDeploymentPostprocessing = 0;
		};
		7CCC0F391C22460F00833242 /* Frameworks */ = {
			isa = PBXFrameworksBuildPhase;
			buildActionMask = 2147483647;
			files = (
			);
			runOnlyForDeploymentPostprocessing = 0;
		};
/* End PBXFrameworksBuildPhase section */

/* Begin PBXGroup section */
		7CCC0F171C22460E00833242 = {
			isa = PBXGroup;
			children = (
				7CCC0F5E1C22479100833242 /* QuartzCore.framework */,
				7CCC0F5C1C22478C00833242 /* libz.dylib */,
				7CCC0F5A1C22478500833242 /* libstdc++.6.0.9.dylib */,
				7CCC0F581C22477A00833242 /* CoreTelephony.framework */,
				7CCC0F561C22476D00833242 /* CoreLocation.framework */,
				7CCC0F541C22476400833242 /* Security.framework */,
				7CCC0F521C22475E00833242 /* SystemConfiguration.framework */,
				7CCC0F4C1C22470100833242 /* AMap.bundle */,
				7CCC0F4D1C22470100833242 /* AMapSearchKit.framework */,
				7CCC0F4E1C22470100833242 /* MAMapKit.framework */,
				7CCC0F221C22460E00833242 /* web9ZLMap */,
				7CCC0F3F1C22460F00833242 /* web9ZLMapTests */,
				7CCC0F211C22460E00833242 /* Products */,
			);
			sourceTree = "<group>";
		};
		7CCC0F211C22460E00833242 /* Products */ = {
			isa = PBXGroup;
			children = (
				7CCC0F201C22460E00833242 /* web9ZLMap.app */,
				7CCC0F3C1C22460F00833242 /* web9ZLMapTests.xctest */,
			);
			name = Products;
			sourceTree = "<group>";
		};
		7CCC0F221C22460E00833242 /* web9ZLMap */ = {
			isa = PBXGroup;
			children = (
				7CCC0F271C22460E00833242 /* AppDelegate.h */,
				7CCC0F281C22460E00833242 /* AppDelegate.m */,
				7CCC0F2D1C22460E00833242 /* ViewController.h */,
				7CCC0F2E1C22460E00833242 /* ViewController.m */,
				7CCC0F301C22460F00833242 /* Main.storyboard */,
				7CCC0F331C22460F00833242 /* Images.xcassets */,
				7CCC0F351C22460F00833242 /* LaunchScreen.xib */,
				7CCC0F2A1C22460E00833242 /* web9ZLMap.xcdatamodeld */,
				7CCC0F231C22460E00833242 /* Supporting Files */,
			);
			path = web9ZLMap;
			sourceTree = "<group>";
		};
		7CCC0F231C22460E00833242 /* Supporting Files */ = {
			isa = PBXGroup;
			children = (
				7CCC0F241C22460E00833242 /* Info.plist */,
				7CCC0F251C22460E00833242 /* main.m */,
			);
			name = "Supporting Files";
			sourceTree = "<group>";
		};
		7CCC0F3F1C22460F00833242 /* web9ZLMapTests */ = {
			isa = PBXGroup;
			children = (
				7CCC0F421C22460F00833242 /* web9ZLMapTests.m */,
				7CCC0F401C22460F00833242 /* Supporting Files */,
			);
			path = web9ZLMapTests;
			sourceTree = "<group>";
		};
		7CCC0F401C22460F00833242 /* Supporting Files */ = {
			isa = PBXGroup;
			children = (
				7CCC0F411C22460F00833242 /* Info.plist */,
			);
			name = "Supporting Files";
			sourceTree = "<group>";
		};
/* End PBXGroup section */

/* Begin PBXNativeTarget section */
		7CCC0F1F1C22460E00833242 /* web9ZLMap */ = {
			isa = PBXNativeTarget;
			buildConfigurationList = 7CCC0F461C22460F00833242 /* Build configuration list for PBXNativeTarget "web9ZLMap" */;
			buildPhases = (
				7CCC0F1C1C22460E00833242 /* Sources */,
				7CCC0F1D1C22460E00833242 /* Frameworks */,
				7CCC0F1E1C22460E00833242 /* Resources */,
			);
			buildRules = (
			);
			dependencies = (
			);
			name = web9ZLMap;
			productName = web9ZLMap;
			productReference = 7CCC0F201C22460E00833242 /* web9ZLMap.app */;
			productType = "com.apple.product-type.application";
		};
		7CCC0F3B1C22460F00833242 /* web9ZLMapTests */ = {
			isa = PBXNativeTarget;
			buildConfigurationList = 7CCC0F491C22460F00833242 /* Build configuration list for PBXNativeTarget "web9ZLMapTests" */;
			buildPhases = (
				7CCC0F381C22460F00833242 /* Sources */,
				7CCC0F391C22460F00833242 /* Frameworks */,
				7CCC0F3A1C22460F00833242 /* Resources */,
			);
			buildRules = (
			);
			dependencies = (
				7CCC0F3E1C22460F00833242 /* PBXTargetDependency */,
			);
			name = web9ZLMapTests;
			productName = web9ZLMapTests;
			productReference = 7CCC0F3C1C22460F00833242 /* web9ZLMapTests.xctest */;
			productType = "com.apple.product-type.bundle.unit-test";
		};
/* End PBXNativeTarget section */

/* Begin PBXProject section */
		7CCC0F181C22460E00833242 /* Project object */ = {
			isa = PBXProject;
			attributes = {
				LastUpgradeCheck = 0610;
				ORGANIZATIONNAME = zhulei;
				TargetAttributes = {
					7CCC0F1F1C22460E00833242 = {
						CreatedOnToolsVersion = 6.1;
					};
					7CCC0F3B1C22460F00833242 = {
						CreatedOnToolsVersion = 6.1;
						TestTargetID = 7CCC0F1F1C22460E00833242;
					};
				};
			};
			buildConfigurationList = 7CCC0F1B1C22460E00833242 /* Build configuration list for PBXProject "web9ZLMap" */;
			compatibilityVersion = "Xcode 3.2";
			developmentRegion = English;
			hasScannedForEncodings = 0;
			knownRegions = (
				en,
				Base,
			);
			mainGroup = 7CCC0F171C22460E00833242;
			productRefGroup = 7CCC0F211C22460E00833242 /* Products */;
			projectDirPath = "";
			projectRoot = "";
			targets = (
				7CCC0F1F1C22460E00833242 /* web9ZLMap */,
				7CCC0F3B1C22460F00833242 /* web9ZLMapTests */,
			);
		};
/* End PBXProject section */

/* Begin PBXResourcesBuildPhase section */
		7CCC0F1E1C22460E00833242 /* Resources */ = {
			isa = PBXResourcesBuildPhase;
			buildActionMask = 2147483647;
			files = (
				7CCC0F321C22460F00833242 /* Main.storyboard in Resources */,
				7CCC0F371C22460F00833242 /* LaunchScreen.xib in Resources */,
				7CCC0F4F1C22470100833242 /* AMap.bundle in Resources */,
				7CCC0F341C22460F00833242 /* Images.xcassets in Resources */,
			);
			runOnlyForDeploymentPostprocessing = 0;
		};
		7CCC0F3A1C22460F00833242 /* Resources */ = {
			isa = PBXResourcesBuildPhase;
			buildActionMask = 2147483647;
			files = (
			);
			runOnlyForDeploymentPostprocessing = 0;
		};
/* End PBXResourcesBuildPhase section */

/* Begin PBXSourcesBuildPhase section */
		7CCC0F1C1C22460E00833242 /* Sources */ = {
			isa = PBXSourcesBuildPhase;
			buildActionMask = 2147483647;
			files = (
				7CCC0F291C22460E00833242 /* AppDelegate.m in Sources */,
				7CCC0F261C22460E00833242 /* main.m in Sources */,
				7CCC0F2F1C22460E00833242 /* ViewController.m in Sources */,
				7CCC0F2C1C22460E00833242 /* web9ZLMap.xcdatamodeld in Sources */,
			);
			runOnlyForDeploymentPostprocessing = 0;
		};
		7CCC0F381C22460F00833242 /* Sources */ = {
			isa = PBXSourcesBuildPhase;
			buildActionMask = 2147483647;
			files = (
				7CCC0F431C22460F00833242 /* web9ZLMapTests.m in Sources */,
			);
			runOnlyForDeploymentPostprocessing = 0;
		};
/* End PBXSourcesBuildPhase section */

/* Begin PBXTargetDependency section */
		7CCC0F3E1C22460F00833242 /* PBXTargetDependency */ = {
			isa = PBXTargetDependency;
			target = 7CCC0F1F1C22460E00833242 /* web9ZLMap */;
			targetProxy = 7CCC0F3D1C22460F00833242 /* PBXContainerItemProxy */;
		};
/* End PBXTargetDependency section */

/* Begin PBXVariantGroup section */
		7CCC0F301C22460F00833242 /* Main.storyboard */ = {
			isa = PBXVariantGroup;
			children = (
				7CCC0F311C22460F00833242 /* Base */,
			);
			name = Main.storyboard;
			sourceTree = "<group>";
		};
		7CCC0F351C22460F00833242 /* LaunchScreen.xib */ = {
			isa = PBXVariantGroup;
			children = (
				7CCC0F361C22460F00833242 /* Base */,
			);
			name = LaunchScreen.xib;
			sourceTree = "<group>";
		};
/* End PBXVariantGroup section */

/* Begin XCBuildConfiguration section */
		7CCC0F441C22460F00833242 /* Debug */ = {
			isa = XCBuildConfiguration;
			buildSettings = {
				ALWAYS_SEARCH_USER_PATHS = NO;
				CLANG_CXX_LANGUAGE_STANDARD = "gnu++0x";
				CLANG_CXX_LIBRARY = "libc++";
				CLANG_ENABLE_MODULES = YES;
				CLANG_ENABLE_OBJC_ARC = YES;
				CLANG_WARN_BOOL_CONVERSION = YES;
				CLANG_WARN_CONSTANT_CONVERSION = YES;
				CLANG_WARN_DIRECT_OBJC_ISA_USAGE = YES_ERROR;
				CLANG_WARN_EMPTY_BODY = YES;
				CLANG_WARN_ENUM_CONVERSION = YES;
				CLANG_WARN_INT_CONVERSION = YES;
				CLANG_WARN_OBJC_ROOT_CLASS = YES_ERROR;
				CLANG_WARN_UNREACHABLE_CODE = YES;
				CLANG_WARN__DUPLICATE_METHOD_MATCH = YES;
				"CODE_SIGN_IDENTITY[sdk=iphoneos*]" = "iPhone Developer";
				COPY_PHASE_STRIP = NO;
				ENABLE_STRICT_OBJC_MSGSEND = YES;
				GCC_C_LANGUAGE_STANDARD = gnu99;
				GCC_DYNAMIC_NO_PIC = NO;
				GCC_OPTIMIZATION_LEVEL = 0;
				GCC_PREPROCESSOR_DEFINITIONS = (
					"DEBUG=1",
					"$(inherited)",
				);
				GCC_SYMBOLS_PRIVATE_EXTERN = NO;
				GCC_WARN_64_TO_32_BIT_CONVERSION = YES;
				GCC_WARN_ABOUT_RETURN_TYPE = YES_ERROR;
				GCC_WARN_UNDECLARED_SELECTOR = YES;
				GCC_WARN_UNINITIALIZED_AUTOS = YES_AGGRESSIVE;
				GCC_WARN_UNUSED_FUNCTION = YES;
				GCC_WARN_UNUSED_VARIABLE = YES;
				IPHONEOS_DEPLOYMENT_TARGET = 8.1;
				MTL_ENABLE_DEBUG_INFO = YES;
				ONLY_ACTIVE_ARCH = YES;
				SDKROOT = iphoneos;
				TARGETED_DEVICE_FAMILY = "1,2";
			};
			name = Debug;
		};
		7CCC0F451C22460F00833242 /* Release */ = {
			isa = XCBuildConfiguration;
			buildSettings = {
				ALWAYS_SEARCH_USER_PATHS = NO;
				CLANG_CXX_LANGUAGE_STANDARD = "gnu++0x";
				CLANG_CXX_LIBRARY = "libc++";
				CLANG_ENABLE_MODULES = YES;
				CLANG_ENABLE_OBJC_ARC = YES;
				CLANG_WARN_BOOL_CONVERSION = YES;
				CLANG_WARN_CONSTANT_CONVERSION = YES;
				CLANG_WARN_DIRECT_OBJC_ISA_USAGE = YES_ERROR;
				CLANG_WARN_EMPTY_BODY = YES;
				CLANG_WARN_ENUM_CONVERSION = YES;
				CLANG_WARN_INT_CONVERSION = YES;
				CLANG_WARN_OBJC_ROOT_CLASS = YES_ERROR;
				CLANG_WARN_UNREACHABLE_CODE = YES;
				CLANG_WARN__DUPLICATE_METHOD_MATCH = YES;
				"CODE_SIGN_IDENTITY[sdk=iphoneos*]" = "iPhone Developer";
				COPY_PHASE_STRIP = YES;
				ENABLE_NS_ASSERTIONS = NO;
				ENABLE_STRICT_OBJC_MSGSEND = YES;
				GCC_C_LANGUAGE_STANDARD = gnu99;
				GCC_WARN_64_TO_32_BIT_CONVERSION = YES;
				GCC_WARN_ABOUT_RETURN_TYPE = YES_ERROR;
				GCC_WARN_UNDECLARED_SELECTOR = YES;
				GCC_WARN_UNINITIALIZED_AUTOS = YES_AGGRESSIVE;
				GCC_WARN_UNUSED_FUNCTION = YES;
				GCC_WARN_UNUSED_VARIABLE = YES;
				IPHONEOS_DEPLOYMENT_TARGET = 8.1;
				MTL_ENABLE_DEBUG_INFO = NO;
				SDKROOT = iphoneos;
				TARGETED_DEVICE_FAMILY = "1,2";
				VALIDATE_PRODUCT = YES;
			};
			name = Release;
		};
		7CCC0F471C22460F00833242 /* Debug */ = {
			isa = XCBuildConfiguration;
			buildSettings = {
				ASSETCATALOG_COMPILER_APPICON_NAME = AppIcon;
				FRAMEWORK_SEARCH_PATHS = (
					"$(inherited)",
					"$(PROJECT_DIR)",
				);
				INFOPLIST_FILE = web9ZLMap/Info.plist;
				LD_RUNPATH_SEARCH_PATHS = "$(inherited) @executable_path/Frameworks";
				PRODUCT_NAME = "$(TARGET_NAME)";
			};
			name = Debug;
		};
		7CCC0F481C22460F00833242 /* Release */ = {
			isa = XCBuildConfiguration;
			buildSettings = {
				ASSETCATALOG_COMPILER_APPICON_NAME = AppIcon;
				FRAMEWORK_SEARCH_PATHS = (
					"$(inherited)",
					"$(PROJECT_DIR)",
				);
				INFOPLIST_FILE = web9ZLMap/Info.plist;
				LD_RUNPATH_SEARCH_PATHS = "$(inherited) @executable_path/Frameworks";
				PRODUCT_NAME = "$(TARGET_NAME)";
			};
			name = Release;
		};
		7CCC0F4A1C22460F00833242 /* Debug */ = {
			isa = XCBuildConfiguration;
			buildSettings = {
				BUNDLE_LOADER = "$(TEST_HOST)";
				FRAMEWORK_SEARCH_PATHS = (
					"$(SDKROOT)/Developer/Library/Frameworks",
					"$(inherited)",
				);
				GCC_PREPROCESSOR_DEFINITIONS = (
					"DEBUG=1",
					"$(inherited)",
				);
				INFOPLIST_FILE = web9ZLMapTests/Info.plist;
				LD_RUNPATH_SEARCH_PATHS = "$(inherited) @executable_path/Frameworks @loader_path/Frameworks";
				PRODUCT_NAME = "$(TARGET_NAME)";
				TEST_HOST = "$(BUILT_PRODUCTS_DIR)/web9ZLMap.app/web9ZLMap";
			};
			name = Debug;
		};
		7CCC0F4B1C22460F00833242 /* Release */ = {
			isa = XCBuildConfiguration;
			buildSettings = {
				BUNDLE_LOADER = "$(TEST_HOST)";
				FRAMEWORK_SEARCH_PATHS = (
					"$(SDKROOT)/Developer/Library/Frameworks",
					"$(inherited)",
				);
				INFOPLIST_FILE = web9ZLMapTests/Info.plist;
				LD_RUNPATH_SEARCH_PATHS = "$(inherited) @executable_path/Frameworks @loader_path/Frameworks";
				PRODUCT_NAME = "$(TARGET_NAME)";
				TEST_HOST = "$(BUILT_PRODUCTS_DIR)/web9ZLMap.app/web9ZLMap";
			};
			name = Release;
		};
/* End XCBuildConfiguration section */

/* Begin XCConfigurationList section */
		7CCC0F1B1C22460E00833242 /* Build configuration list for PBXProject "web9ZLMap" */ = {
			isa = XCConfigurationList;
			buildConfigurations = (
				7CCC0F441C22460F00833242 /* Debug */,
				7CCC0F451C22460F00833242 /* Release */,
			);
			defaultConfigurationIsVisible = 0;
			defaultConfigurationName = Release;
		};
		7CCC0F461C22460F00833242 /* Build configuration list for PBXNativeTarget "web9ZLMap" */ = {
			isa = XCConfigurationList;
			buildConfigurations = (
				7CCC0F471C22460F00833242 /* Debug */,
				7CCC0F481C22460F00833242 /* Release */,
			);
			defaultConfigurationIsVisible = 0;
			defaultConfigurationName = Release;
		};
		7CCC0F491C22460F00833242 /* Build configuration list for PBXNativeTarget "web9ZLMapTests" */ = {
			isa = XCConfigurationList;
			buildConfigurations = (
				7CCC0F4A1C22460F00833242 /* Debug */,
				7CCC0F4B1C22460F00833242 /* Release */,
			);
			defaultConfigurationIsVisible = 0;
			defaultConfigurationName = Release;
		};
/* End XCConfigurationList section */

/* Begin XCVersionGroup section */
		7CCC0F2A1C22460E00833242 /* web9ZLMap.xcdatamodeld */ = {
			isa = XCVersionGroup;
			children = (
				7CCC0F2B1C22460E00833242 /* web9ZLMap.xcdatamodel */,
			);
			currentVersion = 7CCC0F2B1C22460E00833242 /* web9ZLMap.xcdatamodel */;
			path = web9ZLMap.xcdatamodeld;
			sourceTree = "<group>";
			versionGroupType = wrapper.xcdatamodel;
		};
/* End XCVersionGroup section */
	};
	rootObject = 7CCC0F181C22460E00833242 /* Project object */;
}
